
Microsoft Visual Studio Solution File, Format Version 12.00
# Visual Studio 15
VisualStudioVersion = 15.0.27703.2026
MinimumVisualStudioVersion = 10.0.40219.1
Project("{FAE04EC0-301F-11D3-BF4B-00C04F79EFBC}") = "EmpAPI", "EmpAPI\EmpAPI.csproj", "{F274B95F-B4F2-4F2F-883B-A29B46AC2C31}"
EndProject
Global
	GlobalSection(SolutionConfigurationPlatforms) = preSolution
		Debug|Any CPU = Debug|Any CPU
		Release|Any CPU = Release|Any CPU
	EndGlobalSection
	GlobalSection(ProjectConfigurationPlatforms) = postSolution
		{F274B95F-B4F2-4F2F-883B-A29B46AC2C31}.Debug|Any CPU.ActiveCfg = Debug|Any CPU
		{F274B95F-B4F2-4F2F-883B-A29B46AC2C31}.Debug|Any CPU.Build.0 = Debug|Any CPU
		{F274B95F-B4F2-4F2F-883B-A29B46AC2C31}.Release|Any CPU.ActiveCfg = Release|Any CPU
		{F274B95F-B4F2-4F2F-883B-A29B46AC2C31}.Release|Any CPU.Build.0 = Release|Any CPU
	EndGlobalSection
	GlobalSection(SolutionProperties) = preSolution
		HideSolutionNode = FALSE
	EndGlobalSection
	GlobalSection(ExtensibilityGlobals) = postSolution
		SolutionGuid = {CCC39835-8EDC-4D1B-A329-7CFFAE5275F4}
	EndGlobalSection
EndGlobal
